# This file is automatically @generated by Cargo.
# It is not intended for manual editing.
version = 3

[[package]]
name = "concise_flow_with_if_let"
version = "0.1.0"

[[package]]
name = "control_flow"
version = "0.1.0"

[[package]]
name = "data_types"
version = "0.1.0"

[[package]]
name = "defining_an_enum"
version = "0.1.0"

[[package]]
name = "defining_and_instantiating_structs"
version = "0.1.0"

[[package]]
name = "defining_modules"
version = "0.1.0"

[[package]]
name = "example_program_using_structs"
version = "0.1.0"

[[package]]
name = "functions"
version = "0.1.0"

[[package]]
name = "hello_module_tree_example"
version = "0.1.0"

[[package]]
name = "making_structs_and_enums_public"
version = "0.1.0"

[[package]]
name = "method_syntax"
version = "0.1.0"

[[package]]
name = "references_and_borrowing"
version = "0.1.0"

[[package]]
name = "restaurant"
version = "0.1.0"

[[package]]
name = "the_match_control_flow_construct"
version = "0.1.0"

[[package]]
name = "the_slice_type"
version = "0.1.0"

[[package]]
name = "the_string_type"
version = "0.1.0"

[[package]]
name = "understanding_ownership"
version = "0.1.0"

[[package]]
name = "use_keyword"
version = "0.1.0"

[[package]]
name = "variables_and_mutability"
version = "0.1.0"

[[package]]
name = "variables_and_shadowing"
version = "0.1.0"

[[package]]
name = "vectors"
version = "0.1.0"
